
Microsoft Visual Studio Solution File, Format Version 12.00
# Visual Studio Version 16
VisualStudioVersion = 16.0.33927.289
MinimumVisualStudioVersion = 10.0.40219.1
Project("{FAE04EC0-301F-11D3-BF4B-00C04F79EFBC}") = "AddNumbers", "AddNumbers.csproj", "{FF0C6D5D-FA09-4825-BF37-FFA4019B99C7}"
EndProject
Global
	GlobalSection(SolutionConfigurationPlatforms) = preSolution
		Debug|Any CPU = Debug|Any CPU
		Release|Any CPU = Release|Any CPU
	EndGlobalSection
	GlobalSection(ProjectConfigurationPlatforms) = postSolution
		{FF0C6D5D-FA09-4825-BF37-FFA4019B99C7}.Debug|Any CPU.ActiveCfg = Debug|Any CPU
		{FF0C6D5D-FA09-4825-BF37-FFA4019B99C7}.Debug|Any CPU.Build.0 = Debug|Any CPU
		{FF0C6D5D-FA09-4825-BF37-FFA4019B99C7}.Release|Any CPU.ActiveCfg = Release|Any CPU
		{FF0C6D5D-FA09-4825-BF37-FFA4019B99C7}.Release|Any CPU.Build.0 = Release|Any CPU
	EndGlobalSection
	GlobalSection(SolutionProperties) = preSolution
		HideSolutionNode = FALSE
	EndGlobalSection
	GlobalSection(ExtensibilityGlobals) = postSolution
		SolutionGuid = {FF026D14-5C43-4A61-9590-E81E9B50F671}
	EndGlobalSection
EndGlobal
